
Microsoft Visual Studio Solution File, Format Version 12.00
# Visual Studio Version 17
VisualStudioVersion = 17.13.35913.81
MinimumVisualStudioVersion = 10.0.40219.1
Project("{FAE04EC0-301F-11D3-BF4B-00C04F79EFBC}") = "SKJobExtractor", "SemanticKernel_Exjobb_TestApp\SKJobExtractor.csproj", "{A9261B2E-E044-45BC-B923-ED3FB1D6D96A}"
EndProject
Global
	GlobalSection(SolutionConfigurationPlatforms) = preSolution
		Debug|Any CPU = Debug|Any CPU
		Release|Any CPU = Release|Any CPU
	EndGlobalSection
	GlobalSection(ProjectConfigurationPlatforms) = postSolution
		{A9261B2E-E044-45BC-B923-ED3FB1D6D96A}.Debug|Any CPU.ActiveCfg = Debug|Any CPU
		{A9261B2E-E044-45BC-B923-ED3FB1D6D96A}.Debug|Any CPU.Build.0 = Debug|Any CPU
		{A9261B2E-E044-45BC-B923-ED3FB1D6D96A}.Release|Any CPU.ActiveCfg = Release|Any CPU
		{A9261B2E-E044-45BC-B923-ED3FB1D6D96A}.Release|Any CPU.Build.0 = Release|Any CPU
	EndGlobalSection
	GlobalSection(SolutionProperties) = preSolution
		HideSolutionNode = FALSE
	EndGlobalSection
	GlobalSection(ExtensibilityGlobals) = postSolution
		SolutionGuid = {585C0DB6-0907-457C-AF2C-387BBC2767FC}
	EndGlobalSection
EndGlobal
